// !$*UTF8*$!
{
	archiveVersion = 1;
	classes = {
	};
	objectVersion = 56;
	objects = {

/* Begin PBXBuildFile section */
		D09E6E612BF700C300B47F5D /* AppDelegate.swift in Sources */ = {isa = PBXBuildFile; fileRef = D09E6E602BF700C300B47F5D /* AppDelegate.swift */; };
		D09E6E632BF700C300B47F5D /* SceneDelegate.swift in Sources */ = {isa = PBXBuildFile; fileRef = D09E6E622BF700C300B47F5D /* SceneDelegate.swift */; };
		D09E6E652BF700C300B47F5D /* TrendingMovieVC.swift in Sources */ = {isa = PBXBuildFile; fileRef = D09E6E642BF700C300B47F5D /* TrendingMovieVC.swift */; };
		D09E6E682BF700C300B47F5D /* Main.storyboard in Resources */ = {isa = PBXBuildFile; fileRef = D09E6E662BF700C300B47F5D /* Main.storyboard */; };
		D09E6E6A2BF700C400B47F5D /* Assets.xcassets in Resources */ = {isa = PBXBuildFile; fileRef = D09E6E692BF700C400B47F5D /* Assets.xcassets */; };
		D09E6E6D2BF700C400B47F5D /* LaunchScreen.storyboard in Resources */ = {isa = PBXBuildFile; fileRef = D09E6E6B2BF700C400B47F5D /* LaunchScreen.storyboard */; };
		D09E6E762BF70A8300B47F5D /* Observable.swift in Sources */ = {isa = PBXBuildFile; fileRef = D09E6E752BF70A8300B47F5D /* Observable.swift */; };
		D09E6E792BF70ABA00B47F5D /* NetworkServicesDefinations.swift in Sources */ = {isa = PBXBuildFile; fileRef = D09E6E782BF70ABA00B47F5D /* NetworkServicesDefinations.swift */; };
		D09E6E7B2BF711BC00B47F5D /* NetworkServicesProtocol.swift in Sources */ = {isa = PBXBuildFile; fileRef = D09E6E7A2BF711BC00B47F5D /* NetworkServicesProtocol.swift */; };
		D09E6E7D2BF711D400B47F5D /* NetworkServices.swift in Sources */ = {isa = PBXBuildFile; fileRef = D09E6E7C2BF711D400B47F5D /* NetworkServices.swift */; };
		D09E6E802BF7155C00B47F5D /* TrendingMovieModel.swift in Sources */ = {isa = PBXBuildFile; fileRef = D09E6E7F2BF7155C00B47F5D /* TrendingMovieModel.swift */; };
		D09E6E832BF7159500B47F5D /* GetListMovieAPI.swift in Sources */ = {isa = PBXBuildFile; fileRef = D09E6E822BF7159500B47F5D /* GetListMovieAPI.swift */; };
		D09E6E852BF715A700B47F5D /* BaseAPIFetcher.swift in Sources */ = {isa = PBXBuildFile; fileRef = D09E6E842BF715A700B47F5D /* BaseAPIFetcher.swift */; };
		D09E6E8C2BF717E500B47F5D /* TrendingMovieCell.swift in Sources */ = {isa = PBXBuildFile; fileRef = D09E6E8A2BF717E500B47F5D /* TrendingMovieCell.swift */; };
		D09E6E8D2BF717E500B47F5D /* TrendingMovieCell.xib in Resources */ = {isa = PBXBuildFile; fileRef = D09E6E8B2BF717E500B47F5D /* TrendingMovieCell.xib */; };
		D09E6E912BF7345800B47F5D /* TrendingMovieVM.swift in Sources */ = {isa = PBXBuildFile; fileRef = D09E6E902BF7345800B47F5D /* TrendingMovieVM.swift */; };
		D09E6E942BF734CC00B47F5D /* TrendingMovieCellVM.swift in Sources */ = {isa = PBXBuildFile; fileRef = D09E6E932BF734CC00B47F5D /* TrendingMovieCellVM.swift */; };
		D09E6E982BF739BE00B47F5D /* UIViewExtensions.swift in Sources */ = {isa = PBXBuildFile; fileRef = D09E6E972BF739BE00B47F5D /* UIViewExtensions.swift */; };
		D09E6E9D2BF746E600B47F5D /* DetailMovieVC.swift in Sources */ = {isa = PBXBuildFile; fileRef = D09E6E9B2BF746E600B47F5D /* DetailMovieVC.swift */; };
		D09E6E9E2BF746E600B47F5D /* DetailMovieVC.xib in Resources */ = {isa = PBXBuildFile; fileRef = D09E6E9C2BF746E600B47F5D /* DetailMovieVC.xib */; };
		D09E6EA12BF74A7600B47F5D /* Utilities.swift in Sources */ = {isa = PBXBuildFile; fileRef = D09E6EA02BF74A7600B47F5D /* Utilities.swift */; };
		D09E6EA42BF880BE00B47F5D /* DetailMovieVM.swift in Sources */ = {isa = PBXBuildFile; fileRef = D09E6EA32BF880BE00B47F5D /* DetailMovieVM.swift */; };
		D09E6EA62BF882BE00B47F5D /* ViewProtocol.swift in Sources */ = {isa = PBXBuildFile; fileRef = D09E6EA52BF882BD00B47F5D /* ViewProtocol.swift */; };
		D09E6EA82BF884BD00B47F5D /* DetailMovieModel.swift in Sources */ = {isa = PBXBuildFile; fileRef = D09E6EA72BF884BD00B47F5D /* DetailMovieModel.swift */; };
		D09E6EAA2BF8857B00B47F5D /* GetListDetailMovieAPI.swift in Sources */ = {isa = PBXBuildFile; fileRef = D09E6EA92BF8857B00B47F5D /* GetListDetailMovieAPI.swift */; };
		D09E6EAE2BF8999800B47F5D /* ServerConstant.swift in Sources */ = {isa = PBXBuildFile; fileRef = D09E6EAD2BF8999800B47F5D /* ServerConstant.swift */; };
		D09E6EB52BF8AEB600B47F5D /* ActorsViewCell.swift in Sources */ = {isa = PBXBuildFile; fileRef = D09E6EB32BF8AEB600B47F5D /* ActorsViewCell.swift */; };
		D09E6EB62BF8AEB600B47F5D /* ActorsViewCell.xib in Resources */ = {isa = PBXBuildFile; fileRef = D09E6EB42BF8AEB600B47F5D /* ActorsViewCell.xib */; };
		D09E6EBA2BF8AED900B47F5D /* ActorCell.swift in Sources */ = {isa = PBXBuildFile; fileRef = D09E6EB82BF8AED900B47F5D /* ActorCell.swift */; };
		D09E6EBB2BF8AED900B47F5D /* ActorCell.xib in Resources */ = {isa = PBXBuildFile; fileRef = D09E6EB92BF8AED900B47F5D /* ActorCell.xib */; };
		D09E6EBD2BF8B28300B47F5D /* GetListSimilarMovieAPI.swift in Sources */ = {isa = PBXBuildFile; fileRef = D09E6EBC2BF8B28300B47F5D /* GetListSimilarMovieAPI.swift */; };
		D09E6EBF2BF8B29F00B47F5D /* GetListActorAPI.swift in Sources */ = {isa = PBXBuildFile; fileRef = D09E6EBE2BF8B29F00B47F5D /* GetListActorAPI.swift */; };
		D09E6EC12BF8B3BA00B47F5D /* SimilarMovieModel.swift in Sources */ = {isa = PBXBuildFile; fileRef = D09E6EC02BF8B3BA00B47F5D /* SimilarMovieModel.swift */; };
		D09E6EC32BF8B3CE00B47F5D /* ActorModel.swift in Sources */ = {isa = PBXBuildFile; fileRef = D09E6EC22BF8B3CE00B47F5D /* ActorModel.swift */; };
		D09E6EC62BF8B7FA00B47F5D /* ActorCellVM.swift in Sources */ = {isa = PBXBuildFile; fileRef = D09E6EC52BF8B7FA00B47F5D /* ActorCellVM.swift */; };
		D09E6EC82BF8B80900B47F5D /* SimilarMovieCellVM.swift in Sources */ = {isa = PBXBuildFile; fileRef = D09E6EC72BF8B80900B47F5D /* SimilarMovieCellVM.swift */; };
		D09E6ECB2BF8C2F200B47F5D /* SimilarMovieCell.swift in Sources */ = {isa = PBXBuildFile; fileRef = D09E6EC92BF8C2F200B47F5D /* SimilarMovieCell.swift */; };
		D09E6ECC2BF8C2F200B47F5D /* SimilarMovieCell.xib in Resources */ = {isa = PBXBuildFile; fileRef = D09E6ECA2BF8C2F200B47F5D /* SimilarMovieCell.xib */; };
		D09E6ECE2BF90A1700B47F5D /* GetImageAPI.swift in Sources */ = {isa = PBXBuildFile; fileRef = D09E6ECD2BF90A1700B47F5D /* GetImageAPI.swift */; };
/* End PBXBuildFile section */

/* Begin PBXFileReference section */
		D09E6E5D2BF700C300B47F5D /* Movie_MVVM_Challenge.app */ = {isa = PBXFileReference; explicitFileType = wrapper.application; includeInIndex = 0; path = Movie_MVVM_Challenge.app; sourceTree = BUILT_PRODUCTS_DIR; };
		D09E6E602BF700C300B47F5D /* AppDelegate.swift */ = {isa = PBXFileReference; lastKnownFileType = sourcecode.swift; path = AppDelegate.swift; sourceTree = "<group>"; };
		D09E6E622BF700C300B47F5D /* SceneDelegate.swift */ = {isa = PBXFileReference; lastKnownFileType = sourcecode.swift; path = SceneDelegate.swift; sourceTree = "<group>"; };
		D09E6E642BF700C300B47F5D /* TrendingMovieVC.swift */ = {isa = PBXFileReference; lastKnownFileType = sourcecode.swift; path = TrendingMovieVC.swift; sourceTree = "<group>"; };
		D09E6E672BF700C300B47F5D /* Base */ = {isa = PBXFileReference; lastKnownFileType = file.storyboard; name = Base; path = Base.lproj/Main.storyboard; sourceTree = "<group>"; };
		D09E6E692BF700C400B47F5D /* Assets.xcassets */ = {isa = PBXFileReference; lastKnownFileType = folder.assetcatalog; path = Assets.xcassets; sourceTree = "<group>"; };
		D09E6E6C2BF700C400B47F5D /* Base */ = {isa = PBXFileReference; lastKnownFileType = file.storyboard; name = Base; path = Base.lproj/LaunchScreen.storyboard; sourceTree = "<group>"; };
		D09E6E6E2BF700C400B47F5D /* Info.plist */ = {isa = PBXFileReference; lastKnownFileType = text.plist.xml; path = Info.plist; sourceTree = "<group>"; };
		D09E6E752BF70A8300B47F5D /* Observable.swift */ = {isa = PBXFileReference; lastKnownFileType = sourcecode.swift; path = Observable.swift; sourceTree = "<group>"; };
		D09E6E782BF70ABA00B47F5D /* NetworkServicesDefinations.swift */ = {isa = PBXFileReference; lastKnownFileType = sourcecode.swift; path = NetworkServicesDefinations.swift; sourceTree = "<group>"; };
		D09E6E7A2BF711BC00B47F5D /* NetworkServicesProtocol.swift */ = {isa = PBXFileReference; lastKnownFileType = sourcecode.swift; path = NetworkServicesProtocol.swift; sourceTree = "<group>"; };
		D09E6E7C2BF711D400B47F5D /* NetworkServices.swift */ = {isa = PBXFileReference; lastKnownFileType = sourcecode.swift; path = NetworkServices.swift; sourceTree = "<group>"; };
		D09E6E7F2BF7155C00B47F5D /* TrendingMovieModel.swift */ = {isa = PBXFileReference; lastKnownFileType = sourcecode.swift; path = TrendingMovieModel.swift; sourceTree = "<group>"; };
		D09E6E822BF7159500B47F5D /* GetListMovieAPI.swift */ = {isa = PBXFileReference; lastKnownFileType = sourcecode.swift; path = GetListMovieAPI.swift; sourceTree = "<group>"; };
		D09E6E842BF715A700B47F5D /* BaseAPIFetcher.swift */ = {isa = PBXFileReference; lastKnownFileType = sourcecode.swift; path = BaseAPIFetcher.swift; sourceTree = "<group>"; };
		D09E6E8A2BF717E500B47F5D /* TrendingMovieCell.swift */ = {isa = PBXFileReference; lastKnownFileType = sourcecode.swift; path = TrendingMovieCell.swift; sourceTree = "<group>"; };
		D09E6E8B2BF717E500B47F5D /* TrendingMovieCell.xib */ = {isa = PBXFileReference; lastKnownFileType = file.xib; path = TrendingMovieCell.xib; sourceTree = "<group>"; };
		D09E6E902BF7345800B47F5D /* TrendingMovieVM.swift */ = {isa = PBXFileReference; lastKnownFileType = sourcecode.swift; path = TrendingMovieVM.swift; sourceTree = "<group>"; };
		D09E6E932BF734CC00B47F5D /* TrendingMovieCellVM.swift */ = {isa = PBXFileReference; lastKnownFileType = sourcecode.swift; path = TrendingMovieCellVM.swift; sourceTree = "<group>"; };
		D09E6E972BF739BE00B47F5D /* UIViewExtensions.swift */ = {isa = PBXFileReference; lastKnownFileType = sourcecode.swift; path = UIViewExtensions.swift; sourceTree = "<group>"; };
		D09E6E9B2BF746E600B47F5D /* DetailMovieVC.swift */ = {isa = PBXFileReference; lastKnownFileType = sourcecode.swift; path = DetailMovieVC.swift; sourceTree = "<group>"; };
		D09E6E9C2BF746E600B47F5D /* DetailMovieVC.xib */ = {isa = PBXFileReference; lastKnownFileType = file.xib; path = DetailMovieVC.xib; sourceTree = "<group>"; };
		D09E6EA02BF74A7600B47F5D /* Utilities.swift */ = {isa = PBXFileReference; lastKnownFileType = sourcecode.swift; path = Utilities.swift; sourceTree = "<group>"; };
		D09E6EA32BF880BE00B47F5D /* DetailMovieVM.swift */ = {isa = PBXFileReference; lastKnownFileType = sourcecode.swift; path = DetailMovieVM.swift; sourceTree = "<group>"; };
		D09E6EA52BF882BD00B47F5D /* ViewProtocol.swift */ = {isa = PBXFileReference; lastKnownFileType = sourcecode.swift; path = ViewProtocol.swift; sourceTree = "<group>"; };
		D09E6EA72BF884BD00B47F5D /* DetailMovieModel.swift */ = {isa = PBXFileReference; lastKnownFileType = sourcecode.swift; path = DetailMovieModel.swift; sourceTree = "<group>"; };
		D09E6EA92BF8857B00B47F5D /* GetListDetailMovieAPI.swift */ = {isa = PBXFileReference; lastKnownFileType = sourcecode.swift; path = GetListDetailMovieAPI.swift; sourceTree = "<group>"; };
		D09E6EAD2BF8999800B47F5D /* ServerConstant.swift */ = {isa = PBXFileReference; lastKnownFileType = sourcecode.swift; path = ServerConstant.swift; sourceTree = "<group>"; };
		D09E6EB32BF8AEB600B47F5D /* ActorsViewCell.swift */ = {isa = PBXFileReference; lastKnownFileType = sourcecode.swift; path = ActorsViewCell.swift; sourceTree = "<group>"; };
		D09E6EB42BF8AEB600B47F5D /* ActorsViewCell.xib */ = {isa = PBXFileReference; lastKnownFileType = file.xib; path = ActorsViewCell.xib; sourceTree = "<group>"; };
		D09E6EB82BF8AED900B47F5D /* ActorCell.swift */ = {isa = PBXFileReference; lastKnownFileType = sourcecode.swift; path = ActorCell.swift; sourceTree = "<group>"; };
		D09E6EB92BF8AED900B47F5D /* ActorCell.xib */ = {isa = PBXFileReference; lastKnownFileType = file.xib; path = ActorCell.xib; sourceTree = "<group>"; };
		D09E6EBC2BF8B28300B47F5D /* GetListSimilarMovieAPI.swift */ = {isa = PBXFileReference; lastKnownFileType = sourcecode.swift; path = GetListSimilarMovieAPI.swift; sourceTree = "<group>"; };
		D09E6EBE2BF8B29F00B47F5D /* GetListActorAPI.swift */ = {isa = PBXFileReference; lastKnownFileType = sourcecode.swift; path = GetListActorAPI.swift; sourceTree = "<group>"; };
		D09E6EC02BF8B3BA00B47F5D /* SimilarMovieModel.swift */ = {isa = PBXFileReference; lastKnownFileType = sourcecode.swift; path = SimilarMovieModel.swift; sourceTree = "<group>"; };
		D09E6EC22BF8B3CE00B47F5D /* ActorModel.swift */ = {isa = PBXFileReference; lastKnownFileType = sourcecode.swift; path = ActorModel.swift; sourceTree = "<group>"; };
		D09E6EC52BF8B7FA00B47F5D /* ActorCellVM.swift */ = {isa = PBXFileReference; lastKnownFileType = sourcecode.swift; path = ActorCellVM.swift; sourceTree = "<group>"; };
		D09E6EC72BF8B80900B47F5D /* SimilarMovieCellVM.swift */ = {isa = PBXFileReference; lastKnownFileType = sourcecode.swift; path = SimilarMovieCellVM.swift; sourceTree = "<group>"; };
		D09E6EC92BF8C2F200B47F5D /* SimilarMovieCell.swift */ = {isa = PBXFileReference; lastKnownFileType = sourcecode.swift; path = SimilarMovieCell.swift; sourceTree = "<group>"; };
		D09E6ECA2BF8C2F200B47F5D /* SimilarMovieCell.xib */ = {isa = PBXFileReference; lastKnownFileType = file.xib; path = SimilarMovieCell.xib; sourceTree = "<group>"; };
		D09E6ECD2BF90A1700B47F5D /* GetImageAPI.swift */ = {isa = PBXFileReference; lastKnownFileType = sourcecode.swift; path = GetImageAPI.swift; sourceTree = "<group>"; };
/* End PBXFileReference section */

/* Begin PBXFrameworksBuildPhase section */
		D09E6E5A2BF700C300B47F5D /* Frameworks */ = {
			isa = PBXFrameworksBuildPhase;
			buildActionMask = 2147483647;
			files = (
			);
			runOnlyForDeploymentPostprocessing = 0;
		};
/* End PBXFrameworksBuildPhase section */

/* Begin PBXGroup section */
		D09E6E542BF700C300B47F5D = {
			isa = PBXGroup;
			children = (
				D09E6E5F2BF700C300B47F5D /* Movie_MVVM_Challenge */,
				D09E6E5E2BF700C300B47F5D /* Products */,
			);
			sourceTree = "<group>";
		};
		D09E6E5E2BF700C300B47F5D /* Products */ = {
			isa = PBXGroup;
			children = (
				D09E6E5D2BF700C300B47F5D /* Movie_MVVM_Challenge.app */,
			);
			name = Products;
			sourceTree = "<group>";
		};
		D09E6E5F2BF700C300B47F5D /* Movie_MVVM_Challenge */ = {
			isa = PBXGroup;
			children = (
				D09E6EAB2BF8997000B47F5D /* DataSource */,
				D09E6E9F2BF74A5F00B47F5D /* Utilities */,
				D09E6E962BF739A700B47F5D /* Extension */,
				D09E6E952BF7357A00B47F5D /* Delegate */,
				D09E6E742BF70A5E00B47F5D /* Binding */,
				D09E6E7E2BF7154A00B47F5D /* Model */,
				D09E6E862BF716DC00B47F5D /* View */,
				D09E6E8E2BF733A300B47F5D /* ViewModel */,
				D09E6E692BF700C400B47F5D /* Assets.xcassets */,
				D09E6E662BF700C300B47F5D /* Main.storyboard */,
				D09E6E6B2BF700C400B47F5D /* LaunchScreen.storyboard */,
				D09E6E6E2BF700C400B47F5D /* Info.plist */,
			);
			path = Movie_MVVM_Challenge;
			sourceTree = "<group>";
		};
		D09E6E742BF70A5E00B47F5D /* Binding */ = {
			isa = PBXGroup;
			children = (
				D09E6E752BF70A8300B47F5D /* Observable.swift */,
			);
			path = Binding;
			sourceTree = "<group>";
		};
		D09E6E772BF70A9B00B47F5D /* Network */ = {
			isa = PBXGroup;
			children = (
				D09E6E782BF70ABA00B47F5D /* NetworkServicesDefinations.swift */,
				D09E6E7A2BF711BC00B47F5D /* NetworkServicesProtocol.swift */,
				D09E6E7C2BF711D400B47F5D /* NetworkServices.swift */,
			);
			path = Network;
			sourceTree = "<group>";
		};
		D09E6E7E2BF7154A00B47F5D /* Model */ = {
			isa = PBXGroup;
			children = (
				D09E6E7F2BF7155C00B47F5D /* TrendingMovieModel.swift */,
				D09E6EA72BF884BD00B47F5D /* DetailMovieModel.swift */,
				D09E6EC02BF8B3BA00B47F5D /* SimilarMovieModel.swift */,
				D09E6EC22BF8B3CE00B47F5D /* ActorModel.swift */,
			);
			path = Model;
			sourceTree = "<group>";
		};
		D09E6E812BF7158200B47F5D /* ApiService */ = {
			isa = PBXGroup;
			children = (
				D09E6E822BF7159500B47F5D /* GetListMovieAPI.swift */,
				D09E6EA92BF8857B00B47F5D /* GetListDetailMovieAPI.swift */,
				D09E6EBC2BF8B28300B47F5D /* GetListSimilarMovieAPI.swift */,
				D09E6EBE2BF8B29F00B47F5D /* GetListActorAPI.swift */,
				D09E6E842BF715A700B47F5D /* BaseAPIFetcher.swift */,
				D09E6ECD2BF90A1700B47F5D /* GetImageAPI.swift */,
			);
			path = ApiService;
			sourceTree = "<group>";
		};
		D09E6E862BF716DC00B47F5D /* View */ = {
			isa = PBXGroup;
			children = (
				D09E6E9A2BF7467000B47F5D /* TrendingMovie */,
				D09E6E992BF7466000B47F5D /* DetailMovie */,
			);
			path = View;
			sourceTree = "<group>";
		};
		D09E6E872BF7173700B47F5D /* CustomCell */ = {
			isa = PBXGroup;
			children = (
				D09E6E8A2BF717E500B47F5D /* TrendingMovieCell.swift */,
				D09E6E8B2BF717E500B47F5D /* TrendingMovieCell.xib */,
			);
			path = CustomCell;
			sourceTree = "<group>";
		};
		D09E6E8E2BF733A300B47F5D /* ViewModel */ = {
			isa = PBXGroup;
			children = (
				D09E6EA22BF8809A00B47F5D /* DetailMovieViewModel */,
				D09E6E8F2BF733AC00B47F5D /* TrendingMovieViewModel */,
			);
			path = ViewModel;
			sourceTree = "<group>";
		};
		D09E6E8F2BF733AC00B47F5D /* TrendingMovieViewModel */ = {
			isa = PBXGroup;
			children = (
				D09E6E922BF734A400B47F5D /* CellViewModel */,
				D09E6E902BF7345800B47F5D /* TrendingMovieVM.swift */,
			);
			path = TrendingMovieViewModel;
			sourceTree = "<group>";
		};
		D09E6E922BF734A400B47F5D /* CellViewModel */ = {
			isa = PBXGroup;
			children = (
				D09E6E932BF734CC00B47F5D /* TrendingMovieCellVM.swift */,
			);
			path = CellViewModel;
			sourceTree = "<group>";
		};
		D09E6E952BF7357A00B47F5D /* Delegate */ = {
			isa = PBXGroup;
			children = (
				D09E6E602BF700C300B47F5D /* AppDelegate.swift */,
				D09E6E622BF700C300B47F5D /* SceneDelegate.swift */,
			);
			path = Delegate;
			sourceTree = "<group>";
		};
		D09E6E962BF739A700B47F5D /* Extension */ = {
			isa = PBXGroup;
			children = (
				D09E6E972BF739BE00B47F5D /* UIViewExtensions.swift */,
				D09E6EA52BF882BD00B47F5D /* ViewProtocol.swift */,
			);
			path = Extension;
			sourceTree = "<group>";
		};
		D09E6E992BF7466000B47F5D /* DetailMovie */ = {
			isa = PBXGroup;
			children = (
				D09E6EAF2BF8ABF800B47F5D /* CustomCell */,
				D09E6E9B2BF746E600B47F5D /* DetailMovieVC.swift */,
				D09E6E9C2BF746E600B47F5D /* DetailMovieVC.xib */,
			);
			path = DetailMovie;
			sourceTree = "<group>";
		};
		D09E6E9A2BF7467000B47F5D /* TrendingMovie */ = {
			isa = PBXGroup;
			children = (
				D09E6E872BF7173700B47F5D /* CustomCell */,
				D09E6E642BF700C300B47F5D /* TrendingMovieVC.swift */,
			);
			path = TrendingMovie;
			sourceTree = "<group>";
		};
		D09E6E9F2BF74A5F00B47F5D /* Utilities */ = {
			isa = PBXGroup;
			children = (
				D09E6EA02BF74A7600B47F5D /* Utilities.swift */,
			);
			path = Utilities;
			sourceTree = "<group>";
		};
		D09E6EA22BF8809A00B47F5D /* DetailMovieViewModel */ = {
			isa = PBXGroup;
			children = (
				D09E6EC42BF8B7A200B47F5D /* CellViewModel */,
				D09E6EA32BF880BE00B47F5D /* DetailMovieVM.swift */,
			);
			path = DetailMovieViewModel;
			sourceTree = "<group>";
		};
		D09E6EAB2BF8997000B47F5D /* DataSource */ = {
			isa = PBXGroup;
			children = (
				D09E6EAC2BF8998200B47F5D /* Constant */,
				D09E6E772BF70A9B00B47F5D /* Network */,
				D09E6E812BF7158200B47F5D /* ApiService */,
			);
			path = DataSource;
			sourceTree = "<group>";
		};
		D09E6EAC2BF8998200B47F5D /* Constant */ = {
			isa = PBXGroup;
			children = (
				D09E6EAD2BF8999800B47F5D /* ServerConstant.swift */,
			);
			path = Constant;
			sourceTree = "<group>";
		};
		D09E6EAF2BF8ABF800B47F5D /* CustomCell */ = {
			isa = PBXGroup;
			children = (
				D09E6EB22BF8AE3F00B47F5D /* ActorsViewCell */,
				D09E6EB12BF8AE3D00B47F5D /* SimilarMovieCell */,
			);
			path = CustomCell;
			sourceTree = "<group>";
		};
		D09E6EB12BF8AE3D00B47F5D /* SimilarMovieCell */ = {
			isa = PBXGroup;
			children = (
				D09E6EC92BF8C2F200B47F5D /* SimilarMovieCell.swift */,
				D09E6ECA2BF8C2F200B47F5D /* SimilarMovieCell.xib */,
			);
			path = SimilarMovieCell;
			sourceTree = "<group>";
		};
		D09E6EB22BF8AE3F00B47F5D /* ActorsViewCell */ = {
			isa = PBXGroup;
			children = (
				D09E6EB72BF8AEBB00B47F5D /* ActorCell */,
				D09E6EB32BF8AEB600B47F5D /* ActorsViewCell.swift */,
				D09E6EB42BF8AEB600B47F5D /* ActorsViewCell.xib */,
			);
			path = ActorsViewCell;
			sourceTree = "<group>";
		};
		D09E6EB72BF8AEBB00B47F5D /* ActorCell */ = {
			isa = PBXGroup;
			children = (
				D09E6EB82BF8AED900B47F5D /* ActorCell.swift */,
				D09E6EB92BF8AED900B47F5D /* ActorCell.xib */,
			);
			path = ActorCell;
			sourceTree = "<group>";
		};
		D09E6EC42BF8B7A200B47F5D /* CellViewModel */ = {
			isa = PBXGroup;
			children = (
				D09E6EC52BF8B7FA00B47F5D /* ActorCellVM.swift */,
				D09E6EC72BF8B80900B47F5D /* SimilarMovieCellVM.swift */,
			);
			path = CellViewModel;
			sourceTree = "<group>";
		};
/* End PBXGroup section */

/* Begin PBXNativeTarget section */
		D09E6E5C2BF700C300B47F5D /* Movie_MVVM_Challenge */ = {
			isa = PBXNativeTarget;
			buildConfigurationList = D09E6E712BF700C400B47F5D /* Build configuration list for PBXNativeTarget "Movie_MVVM_Challenge" */;
			buildPhases = (
				D09E6E592BF700C300B47F5D /* Sources */,
				D09E6E5A2BF700C300B47F5D /* Frameworks */,
				D09E6E5B2BF700C300B47F5D /* Resources */,
			);
			buildRules = (
			);
			dependencies = (
			);
			name = Movie_MVVM_Challenge;
			productName = Movie_MVVM_Challenge;
			productReference = D09E6E5D2BF700C300B47F5D /* Movie_MVVM_Challenge.app */;
			productType = "com.apple.product-type.application";
		};
/* End PBXNativeTarget section */

/* Begin PBXProject section */
		D09E6E552BF700C300B47F5D /* Project object */ = {
			isa = PBXProject;
			attributes = {
				BuildIndependentTargetsInParallel = 1;
				LastSwiftUpdateCheck = 1430;
				LastUpgradeCheck = 1430;
				TargetAttributes = {
					D09E6E5C2BF700C300B47F5D = {
						CreatedOnToolsVersion = 14.3.1;
					};
				};
			};
			buildConfigurationList = D09E6E582BF700C300B47F5D /* Build configuration list for PBXProject "Movie_MVVM_Challenge" */;
			compatibilityVersion = "Xcode 14.0";
			developmentRegion = en;
			hasScannedForEncodings = 0;
			knownRegions = (
				en,
				Base,
			);
			mainGroup = D09E6E542BF700C300B47F5D;
			productRefGroup = D09E6E5E2BF700C300B47F5D /* Products */;
			projectDirPath = "";
			projectRoot = "";
			targets = (
				D09E6E5C2BF700C300B47F5D /* Movie_MVVM_Challenge */,
			);
		};
/* End PBXProject section */

/* Begin PBXResourcesBuildPhase section */
		D09E6E5B2BF700C300B47F5D /* Resources */ = {
			isa = PBXResourcesBuildPhase;
			buildActionMask = 2147483647;
			files = (
				D09E6E6D2BF700C400B47F5D /* LaunchScreen.storyboard in Resources */,
				D09E6E8D2BF717E500B47F5D /* TrendingMovieCell.xib in Resources */,
				D09E6E6A2BF700C400B47F5D /* Assets.xcassets in Resources */,
				D09E6E9E2BF746E600B47F5D /* DetailMovieVC.xib in Resources */,
				D09E6EB62BF8AEB600B47F5D /* ActorsViewCell.xib in Resources */,
				D09E6E682BF700C300B47F5D /* Main.storyboard in Resources */,
				D09E6ECC2BF8C2F200B47F5D /* SimilarMovieCell.xib in Resources */,
				D09E6EBB2BF8AED900B47F5D /* ActorCell.xib in Resources */,
			);
			runOnlyForDeploymentPostprocessing = 0;
		};
/* End PBXResourcesBuildPhase section */

/* Begin PBXSourcesBuildPhase section */
		D09E6E592BF700C300B47F5D /* Sources */ = {
			isa = PBXSourcesBuildPhase;
			buildActionMask = 2147483647;
			files = (
				D09E6E9D2BF746E600B47F5D /* DetailMovieVC.swift in Sources */,
				D09E6EAE2BF8999800B47F5D /* ServerConstant.swift in Sources */,
				D09E6ECB2BF8C2F200B47F5D /* SimilarMovieCell.swift in Sources */,
				D09E6E7B2BF711BC00B47F5D /* NetworkServicesProtocol.swift in Sources */,
				D09E6EC82BF8B80900B47F5D /* SimilarMovieCellVM.swift in Sources */,
				D09E6E762BF70A8300B47F5D /* Observable.swift in Sources */,
				D09E6E8C2BF717E500B47F5D /* TrendingMovieCell.swift in Sources */,
				D09E6E652BF700C300B47F5D /* TrendingMovieVC.swift in Sources */,
				D09E6EB52BF8AEB600B47F5D /* ActorsViewCell.swift in Sources */,
				D09E6E612BF700C300B47F5D /* AppDelegate.swift in Sources */,
				D09E6EA12BF74A7600B47F5D /* Utilities.swift in Sources */,
				D09E6EBA2BF8AED900B47F5D /* ActorCell.swift in Sources */,
				D09E6EA42BF880BE00B47F5D /* DetailMovieVM.swift in Sources */,
				D09E6ECE2BF90A1700B47F5D /* GetImageAPI.swift in Sources */,
				D09E6E7D2BF711D400B47F5D /* NetworkServices.swift in Sources */,
				D09E6EC32BF8B3CE00B47F5D /* ActorModel.swift in Sources */,
				D09E6E632BF700C300B47F5D /* SceneDelegate.swift in Sources */,
				D09E6EBF2BF8B29F00B47F5D /* GetListActorAPI.swift in Sources */,
				D09E6EA82BF884BD00B47F5D /* DetailMovieModel.swift in Sources */,
				D09E6EC62BF8B7FA00B47F5D /* ActorCellVM.swift in Sources */,
				D09E6EBD2BF8B28300B47F5D /* GetListSimilarMovieAPI.swift in Sources */,
				D09E6E942BF734CC00B47F5D /* TrendingMovieCellVM.swift in Sources */,
				D09E6E982BF739BE00B47F5D /* UIViewExtensions.swift in Sources */,
				D09E6E832BF7159500B47F5D /* GetListMovieAPI.swift in Sources */,
				D09E6E792BF70ABA00B47F5D /* NetworkServicesDefinations.swift in Sources */,
				D09E6E802BF7155C00B47F5D /* TrendingMovieModel.swift in Sources */,
				D09E6E912BF7345800B47F5D /* TrendingMovieVM.swift in Sources */,
				D09E6EC12BF8B3BA00B47F5D /* SimilarMovieModel.swift in Sources */,
				D09E6EA62BF882BE00B47F5D /* ViewProtocol.swift in Sources */,
				D09E6E852BF715A700B47F5D /* BaseAPIFetcher.swift in Sources */,
				D09E6EAA2BF8857B00B47F5D /* GetListDetailMovieAPI.swift in Sources */,
			);
			runOnlyForDeploymentPostprocessing = 0;
		};
/* End PBXSourcesBuildPhase section */

/* Begin PBXVariantGroup section */
		D09E6E662BF700C300B47F5D /* Main.storyboard */ = {
			isa = PBXVariantGroup;
			children = (
				D09E6E672BF700C300B47F5D /* Base */,
			);
			name = Main.storyboard;
			sourceTree = "<group>";
		};
		D09E6E6B2BF700C400B47F5D /* LaunchScreen.storyboard */ = {
			isa = PBXVariantGroup;
			children = (
				D09E6E6C2BF700C400B47F5D /* Base */,
			);
			name = LaunchScreen.storyboard;
			sourceTree = "<group>";
		};
/* End PBXVariantGroup section */

/* Begin XCBuildConfiguration section */
		D09E6E6F2BF700C400B47F5D /* Debug */ = {
			isa = XCBuildConfiguration;
			buildSettings = {
				ALWAYS_SEARCH_USER_PATHS = NO;
				CLANG_ANALYZER_NONNULL = YES;
				CLANG_ANALYZER_NUMBER_OBJECT_CONVERSION = YES_AGGRESSIVE;
				CLANG_CXX_LANGUAGE_STANDARD = "gnu++20";
				CLANG_ENABLE_MODULES = YES;
				CLANG_ENABLE_OBJC_ARC = YES;
				CLANG_ENABLE_OBJC_WEAK = YES;
				CLANG_WARN_BLOCK_CAPTURE_AUTORELEASING = YES;
				CLANG_WARN_BOOL_CONVERSION = YES;
				CLANG_WARN_COMMA = YES;
				CLANG_WARN_CONSTANT_CONVERSION = YES;
				CLANG_WARN_DEPRECATED_OBJC_IMPLEMENTATIONS = YES;
				CLANG_WARN_DIRECT_OBJC_ISA_USAGE = YES_ERROR;
				CLANG_WARN_DOCUMENTATION_COMMENTS = YES;
				CLANG_WARN_EMPTY_BODY = YES;
				CLANG_WARN_ENUM_CONVERSION = YES;
				CLANG_WARN_INFINITE_RECURSION = YES;
				CLANG_WARN_INT_CONVERSION = YES;
				CLANG_WARN_NON_LITERAL_NULL_CONVERSION = YES;
				CLANG_WARN_OBJC_IMPLICIT_RETAIN_SELF = YES;
				CLANG_WARN_OBJC_LITERAL_CONVERSION = YES;
				CLANG_WARN_OBJC_ROOT_CLASS = YES_ERROR;
				CLANG_WARN_QUOTED_INCLUDE_IN_FRAMEWORK_HEADER = YES;
				CLANG_WARN_RANGE_LOOP_ANALYSIS = YES;
				CLANG_WARN_STRICT_PROTOTYPES = YES;
				CLANG_WARN_SUSPICIOUS_MOVE = YES;
				CLANG_WARN_UNGUARDED_AVAILABILITY = YES_AGGRESSIVE;
				CLANG_WARN_UNREACHABLE_CODE = YES;
				CLANG_WARN__DUPLICATE_METHOD_MATCH = YES;
				COPY_PHASE_STRIP = NO;
				DEBUG_INFORMATION_FORMAT = dwarf;
				ENABLE_STRICT_OBJC_MSGSEND = YES;
				ENABLE_TESTABILITY = YES;
				GCC_C_LANGUAGE_STANDARD = gnu11;
				GCC_DYNAMIC_NO_PIC = NO;
				GCC_NO_COMMON_BLOCKS = YES;
				GCC_OPTIMIZATION_LEVEL = 0;
				GCC_PREPROCESSOR_DEFINITIONS = (
					"DEBUG=1",
					"$(inherited)",
				);
				GCC_WARN_64_TO_32_BIT_CONVERSION = YES;
				GCC_WARN_ABOUT_RETURN_TYPE = YES_ERROR;
				GCC_WARN_UNDECLARED_SELECTOR = YES;
				GCC_WARN_UNINITIALIZED_AUTOS = YES_AGGRESSIVE;
				GCC_WARN_UNUSED_FUNCTION = YES;
				GCC_WARN_UNUSED_VARIABLE = YES;
				IPHONEOS_DEPLOYMENT_TARGET = 16.4;
				MTL_ENABLE_DEBUG_INFO = INCLUDE_SOURCE;
				MTL_FAST_MATH = YES;
				ONLY_ACTIVE_ARCH = YES;
				SDKROOT = iphoneos;
				SWIFT_ACTIVE_COMPILATION_CONDITIONS = DEBUG;
				SWIFT_OPTIMIZATION_LEVEL = "-Onone";
			};
			name = Debug;
		};
		D09E6E702BF700C400B47F5D /* Release */ = {
			isa = XCBuildConfiguration;
			buildSettings = {
				ALWAYS_SEARCH_USER_PATHS = NO;
				CLANG_ANALYZER_NONNULL = YES;
				CLANG_ANALYZER_NUMBER_OBJECT_CONVERSION = YES_AGGRESSIVE;
				CLANG_CXX_LANGUAGE_STANDARD = "gnu++20";
				CLANG_ENABLE_MODULES = YES;
				CLANG_ENABLE_OBJC_ARC = YES;
				CLANG_ENABLE_OBJC_WEAK = YES;
				CLANG_WARN_BLOCK_CAPTURE_AUTORELEASING = YES;
				CLANG_WARN_BOOL_CONVERSION = YES;
				CLANG_WARN_COMMA = YES;
				CLANG_WARN_CONSTANT_CONVERSION = YES;
				CLANG_WARN_DEPRECATED_OBJC_IMPLEMENTATIONS = YES;
				CLANG_WARN_DIRECT_OBJC_ISA_USAGE = YES_ERROR;
				CLANG_WARN_DOCUMENTATION_COMMENTS = YES;
				CLANG_WARN_EMPTY_BODY = YES;
				CLANG_WARN_ENUM_CONVERSION = YES;
				CLANG_WARN_INFINITE_RECURSION = YES;
				CLANG_WARN_INT_CONVERSION = YES;
				CLANG_WARN_NON_LITERAL_NULL_CONVERSION = YES;
				CLANG_WARN_OBJC_IMPLICIT_RETAIN_SELF = YES;
				CLANG_WARN_OBJC_LITERAL_CONVERSION = YES;
				CLANG_WARN_OBJC_ROOT_CLASS = YES_ERROR;
				CLANG_WARN_QUOTED_INCLUDE_IN_FRAMEWORK_HEADER = YES;
				CLANG_WARN_RANGE_LOOP_ANALYSIS = YES;
				CLANG_WARN_STRICT_PROTOTYPES = YES;
				CLANG_WARN_SUSPICIOUS_MOVE = YES;
				CLANG_WARN_UNGUARDED_AVAILABILITY = YES_AGGRESSIVE;
				CLANG_WARN_UNREACHABLE_CODE = YES;
				CLANG_WARN__DUPLICATE_METHOD_MATCH = YES;
				COPY_PHASE_STRIP = NO;
				DEBUG_INFORMATION_FORMAT = "dwarf-with-dsym";
				ENABLE_NS_ASSERTIONS = NO;
				ENABLE_STRICT_OBJC_MSGSEND = YES;
				GCC_C_LANGUAGE_STANDARD = gnu11;
				GCC_NO_COMMON_BLOCKS = YES;
				GCC_WARN_64_TO_32_BIT_CONVERSION = YES;
				GCC_WARN_ABOUT_RETURN_TYPE = YES_ERROR;
				GCC_WARN_UNDECLARED_SELECTOR = YES;
				GCC_WARN_UNINITIALIZED_AUTOS = YES_AGGRESSIVE;
				GCC_WARN_UNUSED_FUNCTION = YES;
				GCC_WARN_UNUSED_VARIABLE = YES;
				IPHONEOS_DEPLOYMENT_TARGET = 16.4;
				MTL_ENABLE_DEBUG_INFO = NO;
				MTL_FAST_MATH = YES;
				SDKROOT = iphoneos;
				SWIFT_COMPILATION_MODE = wholemodule;
				SWIFT_OPTIMIZATION_LEVEL = "-O";
				VALIDATE_PRODUCT = YES;
			};
			name = Release;
		};
		D09E6E722BF700C400B47F5D /* Debug */ = {
			isa = XCBuildConfiguration;
			buildSettings = {
				ASSETCATALOG_COMPILER_APPICON_NAME = AppIcon;
				ASSETCATALOG_COMPILER_GLOBAL_ACCENT_COLOR_NAME = AccentColor;
				CODE_SIGN_STYLE = Automatic;
				CURRENT_PROJECT_VERSION = 1;
				DEVELOPMENT_TEAM = 3J2UL3XR3K;
				GENERATE_INFOPLIST_FILE = YES;
				INFOPLIST_FILE = Movie_MVVM_Challenge/Info.plist;
				INFOPLIST_KEY_UIApplicationSupportsIndirectInputEvents = YES;
				INFOPLIST_KEY_UILaunchStoryboardName = LaunchScreen;
				INFOPLIST_KEY_UIMainStoryboardFile = Main;
				INFOPLIST_KEY_UISupportedInterfaceOrientations_iPad = "UIInterfaceOrientationPortrait UIInterfaceOrientationPortraitUpsideDown UIInterfaceOrientationLandscapeLeft UIInterfaceOrientationLandscapeRight";
				INFOPLIST_KEY_UISupportedInterfaceOrientations_iPhone = "UIInterfaceOrientationPortrait UIInterfaceOrientationLandscapeLeft UIInterfaceOrientationLandscapeRight";
				LD_RUNPATH_SEARCH_PATHS = (
					"$(inherited)",
					"@executable_path/Frameworks",
				);
				MARKETING_VERSION = 1.0;
				PRODUCT_BUNDLE_IDENTIFIER = "KienND24.Movie-MVVM-Challenge";
				PRODUCT_NAME = "$(TARGET_NAME)";
				SWIFT_EMIT_LOC_STRINGS = YES;
				SWIFT_VERSION = 5.0;
				TARGETED_DEVICE_FAMILY = "1,2";
			};
			name = Debug;
		};
		D09E6E732BF700C400B47F5D /* Release */ = {
			isa = XCBuildConfiguration;
			buildSettings = {
				ASSETCATALOG_COMPILER_APPICON_NAME = AppIcon;
				ASSETCATALOG_COMPILER_GLOBAL_ACCENT_COLOR_NAME = AccentColor;
				CODE_SIGN_STYLE = Automatic;
				CURRENT_PROJECT_VERSION = 1;
				DEVELOPMENT_TEAM = 3J2UL3XR3K;
				GENERATE_INFOPLIST_FILE = YES;
				INFOPLIST_FILE = Movie_MVVM_Challenge/Info.plist;
				INFOPLIST_KEY_UIApplicationSupportsIndirectInputEvents = YES;
				INFOPLIST_KEY_UILaunchStoryboardName = LaunchScreen;
				INFOPLIST_KEY_UIMainStoryboardFile = Main;
				INFOPLIST_KEY_UISupportedInterfaceOrientations_iPad = "UIInterfaceOrientationPortrait UIInterfaceOrientationPortraitUpsideDown UIInterfaceOrientationLandscapeLeft UIInterfaceOrientationLandscapeRight";
				INFOPLIST_KEY_UISupportedInterfaceOrientations_iPhone = "UIInterfaceOrientationPortrait UIInterfaceOrientationLandscapeLeft UIInterfaceOrientationLandscapeRight";
				LD_RUNPATH_SEARCH_PATHS = (
					"$(inherited)",
					"@executable_path/Frameworks",
				);
				MARKETING_VERSION = 1.0;
				PRODUCT_BUNDLE_IDENTIFIER = "KienND24.Movie-MVVM-Challenge";
				PRODUCT_NAME = "$(TARGET_NAME)";
				SWIFT_EMIT_LOC_STRINGS = YES;
				SWIFT_VERSION = 5.0;
				TARGETED_DEVICE_FAMILY = "1,2";
			};
			name = Release;
		};
/* End XCBuildConfiguration section */

/* Begin XCConfigurationList section */
		D09E6E582BF700C300B47F5D /* Build configuration list for PBXProject "Movie_MVVM_Challenge" */ = {
			isa = XCConfigurationList;
			buildConfigurations = (
				D09E6E6F2BF700C400B47F5D /* Debug */,
				D09E6E702BF700C400B47F5D /* Release */,
			);
			defaultConfigurationIsVisible = 0;
			defaultConfigurationName = Release;
		};
		D09E6E712BF700C400B47F5D /* Build configuration list for PBXNativeTarget "Movie_MVVM_Challenge" */ = {
			isa = XCConfigurationList;
			buildConfigurations = (
				D09E6E722BF700C400B47F5D /* Debug */,
				D09E6E732BF700C400B47F5D /* Release */,
			);
			defaultConfigurationIsVisible = 0;
			defaultConfigurationName = Release;
		};
/* End XCConfigurationList section */
	};
	rootObject = D09E6E552BF700C300B47F5D /* Project object */;
}
